
Microsoft Visual Studio Solution File, Format Version 11.00
# Visual Studio 2010
# SharpDevelop 4.4
Project("{FD48973F-F585-4F70-812B-4D0503B36CE9}") = "pg250MembershipFee", "pg250MembershipFee\pg250MembershipFee.pyproj", "{E592720B-AC06-4C25-BC00-AC53D4303EBD}"
EndProject
Global
	GlobalSection(SolutionConfigurationPlatforms) = preSolution
		Debug|Any CPU = Debug|Any CPU
		Release|Any CPU = Release|Any CPU
	EndGlobalSection
	GlobalSection(ProjectConfigurationPlatforms) = postSolution
		{E592720B-AC06-4C25-BC00-AC53D4303EBD}.Debug|Any CPU.Build.0 = Debug|Any CPU
		{E592720B-AC06-4C25-BC00-AC53D4303EBD}.Debug|Any CPU.ActiveCfg = Debug|Any CPU
		{E592720B-AC06-4C25-BC00-AC53D4303EBD}.Release|Any CPU.Build.0 = Release|Any CPU
		{E592720B-AC06-4C25-BC00-AC53D4303EBD}.Release|Any CPU.ActiveCfg = Release|Any CPU
	EndGlobalSection
EndGlobal
