
Microsoft Visual Studio Solution File, Format Version 11.00
# Visual Studio 2010
# SharpDevelop 4.4
Project("{FD48973F-F585-4F70-812B-4D0503B36CE9}") = "pg153SalaryCalc", "pg153SalaryCalc\pg153SalaryCalc.pyproj", "{E154B545-62D3-4012-929C-B93B3077D454}"
EndProject
Global
	GlobalSection(SolutionConfigurationPlatforms) = preSolution
		Debug|Any CPU = Debug|Any CPU
		Release|Any CPU = Release|Any CPU
	EndGlobalSection
	GlobalSection(ProjectConfigurationPlatforms) = postSolution
		{E154B545-62D3-4012-929C-B93B3077D454}.Debug|Any CPU.Build.0 = Debug|Any CPU
		{E154B545-62D3-4012-929C-B93B3077D454}.Debug|Any CPU.ActiveCfg = Debug|Any CPU
		{E154B545-62D3-4012-929C-B93B3077D454}.Release|Any CPU.Build.0 = Release|Any CPU
		{E154B545-62D3-4012-929C-B93B3077D454}.Release|Any CPU.ActiveCfg = Release|Any CPU
	EndGlobalSection
EndGlobal
