
Microsoft Visual Studio Solution File, Format Version 11.00
# Visual Studio 2010
# SharpDevelop 4.4
Project("{FD48973F-F585-4F70-812B-4D0503B36CE9}") = "Lang122i", "Lang122i\Lang122i.pyproj", "{2B929611-0E04-4F21-ABA8-E1CA3BEEFA9F}"
EndProject
Global
	GlobalSection(SolutionConfigurationPlatforms) = preSolution
		Debug|Any CPU = Debug|Any CPU
		Release|Any CPU = Release|Any CPU
	EndGlobalSection
	GlobalSection(ProjectConfigurationPlatforms) = postSolution
		{2B929611-0E04-4F21-ABA8-E1CA3BEEFA9F}.Debug|Any CPU.Build.0 = Debug|Any CPU
		{2B929611-0E04-4F21-ABA8-E1CA3BEEFA9F}.Debug|Any CPU.ActiveCfg = Debug|Any CPU
		{2B929611-0E04-4F21-ABA8-E1CA3BEEFA9F}.Release|Any CPU.Build.0 = Release|Any CPU
		{2B929611-0E04-4F21-ABA8-E1CA3BEEFA9F}.Release|Any CPU.ActiveCfg = Release|Any CPU
	EndGlobalSection
EndGlobal
