
Microsoft Visual Studio Solution File, Format Version 11.00
# Visual Studio 2010
# SharpDevelop 4.4
Project("{FD48973F-F585-4F70-812B-4D0503B36CE9}") = "pg240Comm", "pg240Comm\pg240Comm.pyproj", "{E4C9FE52-A008-4217-B702-47D9E454CC32}"
EndProject
Global
	GlobalSection(SolutionConfigurationPlatforms) = preSolution
		Debug|Any CPU = Debug|Any CPU
		Release|Any CPU = Release|Any CPU
	EndGlobalSection
	GlobalSection(ProjectConfigurationPlatforms) = postSolution
		{E4C9FE52-A008-4217-B702-47D9E454CC32}.Debug|Any CPU.Build.0 = Debug|Any CPU
		{E4C9FE52-A008-4217-B702-47D9E454CC32}.Debug|Any CPU.ActiveCfg = Debug|Any CPU
		{E4C9FE52-A008-4217-B702-47D9E454CC32}.Release|Any CPU.Build.0 = Release|Any CPU
		{E4C9FE52-A008-4217-B702-47D9E454CC32}.Release|Any CPU.ActiveCfg = Release|Any CPU
	EndGlobalSection
EndGlobal
