
Microsoft Visual Studio Solution File, Format Version 12.00
# Visual Studio 2013
VisualStudioVersion = 12.0.40629.0
MinimumVisualStudioVersion = 10.0.40219.1
Project("{FAE04EC0-301F-11D3-BF4B-00C04F79EFBC}") = "HelloWorld", "HelloWorld\HelloWorld.csproj", "{FCF2B252-C91E-4ACA-BB09-083AE6ACEB61}"
EndProject
Project("{FAE04EC0-301F-11D3-BF4B-00C04F79EFBC}") = "HelloName", "HelloName\HelloName.csproj", "{741F1223-5429-4854-92E1-C1549318F07C}"
EndProject
Project("{FAE04EC0-301F-11D3-BF4B-00C04F79EFBC}") = "Lang52aConsole", "Lang52aConsole\Lang52aConsole.csproj", "{F94E6C43-956D-4580-B6D9-40B33301B0F8}"
EndProject
Project("{FAE04EC0-301F-11D3-BF4B-00C04F79EFBC}") = "Lang54bConsole", "Lang54bConsole\Lang54bConsole.csproj", "{B938FB43-81B8-461F-941F-C794D73EB65F}"
EndProject
Project("{FAE04EC0-301F-11D3-BF4B-00C04F79EFBC}") = "FavClubConsole", "FavClubConsole\FavClubConsole.csproj", "{8CB79F76-7605-4D68-9D46-798BE53BE0FF}"
EndProject
Project("{FAE04EC0-301F-11D3-BF4B-00C04F79EFBC}") = "Lang54a", "Lang54a\Lang54a.csproj", "{A04F4A42-2478-4BAA-8CB2-C44B519CF046}"
EndProject
Project("{FAE04EC0-301F-11D3-BF4B-00C04F79EFBC}") = "YourNameConsole", "YourNameConsole\YourNameConsole.csproj", "{43C26C96-F69E-4722-8993-E3374F8F5304}"
EndProject
Project("{FAE04EC0-301F-11D3-BF4B-00C04F79EFBC}") = "Lang88a", "Lang88a\Lang88a.csproj", "{536965F5-CF97-4018-85BA-5C14C3ADADC2}"
EndProject
Project("{FAE04EC0-301F-11D3-BF4B-00C04F79EFBC}") = "pg266LargeSmall", "pg266LargeSmall\pg266LargeSmall.csproj", "{C2E0C200-774A-4F32-ACA2-F5FD0D2BF80D}"
EndProject
Project("{FAE04EC0-301F-11D3-BF4B-00C04F79EFBC}") = "Lang122aWhile", "Lang122aWhile\Lang122aWhile.csproj", "{2D5FC0BE-3B1E-4A44-8F45-36F925D1FC21}"
EndProject
Project("{FAE04EC0-301F-11D3-BF4B-00C04F79EFBC}") = "Lang310a", "Lang310a\Lang310a.csproj", "{AC9BE26E-ABAC-4181-89F1-857D92540B06}"
EndProject
Project("{FAE04EC0-301F-11D3-BF4B-00C04F79EFBC}") = "Pg347Sum", "Pg347Sum\Pg347Sum.csproj", "{D0E5C239-A0D4-47E5-A7B8-5A4409BCA2D4}"
EndProject
Project("{FAE04EC0-301F-11D3-BF4B-00C04F79EFBC}") = "CalcWithFunctions", "CalcWithFunctions\CalcWithFunctions.csproj", "{1E813AB4-63B4-46F7-81C7-125E44253BB1}"
EndProject
Project("{FAE04EC0-301F-11D3-BF4B-00C04F79EFBC}") = "pg273BookClubPoints", "pg273BookClubPoints\pg273BookClubPoints.csproj", "{9E52FF37-F76E-4B3E-B0CA-8AD85547D1E6}"
EndProject
Project("{FAE04EC0-301F-11D3-BF4B-00C04F79EFBC}") = "pg273MassAndWeight", "pg273MassAndWeight\pg273MassAndWeight.csproj", "{22C77DF1-CAC4-4D5E-84CA-FED90E0AE09B}"
EndProject
Project("{FAE04EC0-301F-11D3-BF4B-00C04F79EFBC}") = "pg535CatchMe", "pg535CatchMe\pg535CatchMe.csproj", "{5BBC3257-D0B7-4F58-B979-742D2E48EAC6}"
EndProject
Global
	GlobalSection(SolutionConfigurationPlatforms) = preSolution
		Debug|Any CPU = Debug|Any CPU
		Release|Any CPU = Release|Any CPU
	EndGlobalSection
	GlobalSection(ProjectConfigurationPlatforms) = postSolution
		{FCF2B252-C91E-4ACA-BB09-083AE6ACEB61}.Debug|Any CPU.ActiveCfg = Debug|Any CPU
		{FCF2B252-C91E-4ACA-BB09-083AE6ACEB61}.Debug|Any CPU.Build.0 = Debug|Any CPU
		{FCF2B252-C91E-4ACA-BB09-083AE6ACEB61}.Release|Any CPU.ActiveCfg = Release|Any CPU
		{FCF2B252-C91E-4ACA-BB09-083AE6ACEB61}.Release|Any CPU.Build.0 = Release|Any CPU
		{741F1223-5429-4854-92E1-C1549318F07C}.Debug|Any CPU.ActiveCfg = Debug|Any CPU
		{741F1223-5429-4854-92E1-C1549318F07C}.Debug|Any CPU.Build.0 = Debug|Any CPU
		{741F1223-5429-4854-92E1-C1549318F07C}.Release|Any CPU.ActiveCfg = Release|Any CPU
		{741F1223-5429-4854-92E1-C1549318F07C}.Release|Any CPU.Build.0 = Release|Any CPU
		{F94E6C43-956D-4580-B6D9-40B33301B0F8}.Debug|Any CPU.ActiveCfg = Debug|Any CPU
		{F94E6C43-956D-4580-B6D9-40B33301B0F8}.Debug|Any CPU.Build.0 = Debug|Any CPU
		{F94E6C43-956D-4580-B6D9-40B33301B0F8}.Release|Any CPU.ActiveCfg = Release|Any CPU
		{F94E6C43-956D-4580-B6D9-40B33301B0F8}.Release|Any CPU.Build.0 = Release|Any CPU
		{B938FB43-81B8-461F-941F-C794D73EB65F}.Debug|Any CPU.ActiveCfg = Debug|Any CPU
		{B938FB43-81B8-461F-941F-C794D73EB65F}.Debug|Any CPU.Build.0 = Debug|Any CPU
		{B938FB43-81B8-461F-941F-C794D73EB65F}.Release|Any CPU.ActiveCfg = Release|Any CPU
		{B938FB43-81B8-461F-941F-C794D73EB65F}.Release|Any CPU.Build.0 = Release|Any CPU
		{8CB79F76-7605-4D68-9D46-798BE53BE0FF}.Debug|Any CPU.ActiveCfg = Debug|Any CPU
		{8CB79F76-7605-4D68-9D46-798BE53BE0FF}.Debug|Any CPU.Build.0 = Debug|Any CPU
		{8CB79F76-7605-4D68-9D46-798BE53BE0FF}.Release|Any CPU.ActiveCfg = Release|Any CPU
		{8CB79F76-7605-4D68-9D46-798BE53BE0FF}.Release|Any CPU.Build.0 = Release|Any CPU
		{A04F4A42-2478-4BAA-8CB2-C44B519CF046}.Debug|Any CPU.ActiveCfg = Debug|Any CPU
		{A04F4A42-2478-4BAA-8CB2-C44B519CF046}.Debug|Any CPU.Build.0 = Debug|Any CPU
		{A04F4A42-2478-4BAA-8CB2-C44B519CF046}.Release|Any CPU.ActiveCfg = Release|Any CPU
		{A04F4A42-2478-4BAA-8CB2-C44B519CF046}.Release|Any CPU.Build.0 = Release|Any CPU
		{43C26C96-F69E-4722-8993-E3374F8F5304}.Debug|Any CPU.ActiveCfg = Debug|Any CPU
		{43C26C96-F69E-4722-8993-E3374F8F5304}.Debug|Any CPU.Build.0 = Debug|Any CPU
		{43C26C96-F69E-4722-8993-E3374F8F5304}.Release|Any CPU.ActiveCfg = Release|Any CPU
		{43C26C96-F69E-4722-8993-E3374F8F5304}.Release|Any CPU.Build.0 = Release|Any CPU
		{536965F5-CF97-4018-85BA-5C14C3ADADC2}.Debug|Any CPU.ActiveCfg = Debug|Any CPU
		{536965F5-CF97-4018-85BA-5C14C3ADADC2}.Debug|Any CPU.Build.0 = Debug|Any CPU
		{536965F5-CF97-4018-85BA-5C14C3ADADC2}.Release|Any CPU.ActiveCfg = Release|Any CPU
		{536965F5-CF97-4018-85BA-5C14C3ADADC2}.Release|Any CPU.Build.0 = Release|Any CPU
		{C2E0C200-774A-4F32-ACA2-F5FD0D2BF80D}.Debug|Any CPU.ActiveCfg = Debug|Any CPU
		{C2E0C200-774A-4F32-ACA2-F5FD0D2BF80D}.Debug|Any CPU.Build.0 = Debug|Any CPU
		{C2E0C200-774A-4F32-ACA2-F5FD0D2BF80D}.Release|Any CPU.ActiveCfg = Release|Any CPU
		{C2E0C200-774A-4F32-ACA2-F5FD0D2BF80D}.Release|Any CPU.Build.0 = Release|Any CPU
		{2D5FC0BE-3B1E-4A44-8F45-36F925D1FC21}.Debug|Any CPU.ActiveCfg = Debug|Any CPU
		{2D5FC0BE-3B1E-4A44-8F45-36F925D1FC21}.Debug|Any CPU.Build.0 = Debug|Any CPU
		{2D5FC0BE-3B1E-4A44-8F45-36F925D1FC21}.Release|Any CPU.ActiveCfg = Release|Any CPU
		{2D5FC0BE-3B1E-4A44-8F45-36F925D1FC21}.Release|Any CPU.Build.0 = Release|Any CPU
		{AC9BE26E-ABAC-4181-89F1-857D92540B06}.Debug|Any CPU.ActiveCfg = Debug|Any CPU
		{AC9BE26E-ABAC-4181-89F1-857D92540B06}.Debug|Any CPU.Build.0 = Debug|Any CPU
		{AC9BE26E-ABAC-4181-89F1-857D92540B06}.Release|Any CPU.ActiveCfg = Release|Any CPU
		{AC9BE26E-ABAC-4181-89F1-857D92540B06}.Release|Any CPU.Build.0 = Release|Any CPU
		{D0E5C239-A0D4-47E5-A7B8-5A4409BCA2D4}.Debug|Any CPU.ActiveCfg = Debug|Any CPU
		{D0E5C239-A0D4-47E5-A7B8-5A4409BCA2D4}.Debug|Any CPU.Build.0 = Debug|Any CPU
		{D0E5C239-A0D4-47E5-A7B8-5A4409BCA2D4}.Release|Any CPU.ActiveCfg = Release|Any CPU
		{D0E5C239-A0D4-47E5-A7B8-5A4409BCA2D4}.Release|Any CPU.Build.0 = Release|Any CPU
		{1E813AB4-63B4-46F7-81C7-125E44253BB1}.Debug|Any CPU.ActiveCfg = Debug|Any CPU
		{1E813AB4-63B4-46F7-81C7-125E44253BB1}.Debug|Any CPU.Build.0 = Debug|Any CPU
		{1E813AB4-63B4-46F7-81C7-125E44253BB1}.Release|Any CPU.ActiveCfg = Release|Any CPU
		{1E813AB4-63B4-46F7-81C7-125E44253BB1}.Release|Any CPU.Build.0 = Release|Any CPU
		{9E52FF37-F76E-4B3E-B0CA-8AD85547D1E6}.Debug|Any CPU.ActiveCfg = Debug|Any CPU
		{9E52FF37-F76E-4B3E-B0CA-8AD85547D1E6}.Debug|Any CPU.Build.0 = Debug|Any CPU
		{9E52FF37-F76E-4B3E-B0CA-8AD85547D1E6}.Release|Any CPU.ActiveCfg = Release|Any CPU
		{9E52FF37-F76E-4B3E-B0CA-8AD85547D1E6}.Release|Any CPU.Build.0 = Release|Any CPU
		{22C77DF1-CAC4-4D5E-84CA-FED90E0AE09B}.Debug|Any CPU.ActiveCfg = Debug|Any CPU
		{22C77DF1-CAC4-4D5E-84CA-FED90E0AE09B}.Debug|Any CPU.Build.0 = Debug|Any CPU
		{22C77DF1-CAC4-4D5E-84CA-FED90E0AE09B}.Release|Any CPU.ActiveCfg = Release|Any CPU
		{22C77DF1-CAC4-4D5E-84CA-FED90E0AE09B}.Release|Any CPU.Build.0 = Release|Any CPU
		{5BBC3257-D0B7-4F58-B979-742D2E48EAC6}.Debug|Any CPU.ActiveCfg = Debug|Any CPU
		{5BBC3257-D0B7-4F58-B979-742D2E48EAC6}.Debug|Any CPU.Build.0 = Debug|Any CPU
		{5BBC3257-D0B7-4F58-B979-742D2E48EAC6}.Release|Any CPU.ActiveCfg = Release|Any CPU
		{5BBC3257-D0B7-4F58-B979-742D2E48EAC6}.Release|Any CPU.Build.0 = Release|Any CPU
	EndGlobalSection
	GlobalSection(SolutionProperties) = preSolution
		HideSolutionNode = FALSE
	EndGlobalSection
EndGlobal
