
Microsoft Visual Studio Solution File, Format Version 11.00
# Visual Studio 2010
# SharpDevelop 4.4
Project("{FD48973F-F585-4F70-812B-4D0503B36CE9}") = "YourSchedule", "YourSchedule\YourSchedule.pyproj", "{BDBB2DBA-B378-4BCD-A227-434B24FFCE89}"
EndProject
Global
	GlobalSection(SolutionConfigurationPlatforms) = preSolution
		Debug|Any CPU = Debug|Any CPU
		Release|Any CPU = Release|Any CPU
	EndGlobalSection
	GlobalSection(ProjectConfigurationPlatforms) = postSolution
		{BDBB2DBA-B378-4BCD-A227-434B24FFCE89}.Debug|Any CPU.Build.0 = Debug|Any CPU
		{BDBB2DBA-B378-4BCD-A227-434B24FFCE89}.Debug|Any CPU.ActiveCfg = Debug|Any CPU
		{BDBB2DBA-B378-4BCD-A227-434B24FFCE89}.Release|Any CPU.Build.0 = Release|Any CPU
		{BDBB2DBA-B378-4BCD-A227-434B24FFCE89}.Release|Any CPU.ActiveCfg = Release|Any CPU
	EndGlobalSection
EndGlobal
