
Microsoft Visual Studio Solution File, Format Version 11.00
# Visual Studio 2010
# SharpDevelop 4.4
Project("{FD48973F-F585-4F70-812B-4D0503B36CE9}") = "CraigRules", "CraigRules\CraigRules.pyproj", "{DFA3796E-F9FF-479F-A43A-A384D0F4A68D}"
EndProject
Global
	GlobalSection(SolutionConfigurationPlatforms) = preSolution
		Debug|Any CPU = Debug|Any CPU
		Release|Any CPU = Release|Any CPU
	EndGlobalSection
	GlobalSection(ProjectConfigurationPlatforms) = postSolution
		{DFA3796E-F9FF-479F-A43A-A384D0F4A68D}.Debug|Any CPU.Build.0 = Debug|Any CPU
		{DFA3796E-F9FF-479F-A43A-A384D0F4A68D}.Debug|Any CPU.ActiveCfg = Debug|Any CPU
		{DFA3796E-F9FF-479F-A43A-A384D0F4A68D}.Release|Any CPU.Build.0 = Release|Any CPU
		{DFA3796E-F9FF-479F-A43A-A384D0F4A68D}.Release|Any CPU.ActiveCfg = Release|Any CPU
	EndGlobalSection
EndGlobal
