
Microsoft Visual Studio Solution File, Format Version 11.00
# Visual Studio 2010
# SharpDevelop 4.4
Project("{FD48973F-F585-4F70-812B-4D0503B36CE9}") = "Flags", "Flags\Flags.pyproj", "{75DD6F4F-CDAC-4B42-B97B-7CD1E84F5419}"
EndProject
Global
	GlobalSection(SolutionConfigurationPlatforms) = preSolution
		Debug|Any CPU = Debug|Any CPU
		Release|Any CPU = Release|Any CPU
	EndGlobalSection
	GlobalSection(ProjectConfigurationPlatforms) = postSolution
		{75DD6F4F-CDAC-4B42-B97B-7CD1E84F5419}.Debug|Any CPU.Build.0 = Debug|Any CPU
		{75DD6F4F-CDAC-4B42-B97B-7CD1E84F5419}.Debug|Any CPU.ActiveCfg = Debug|Any CPU
		{75DD6F4F-CDAC-4B42-B97B-7CD1E84F5419}.Release|Any CPU.Build.0 = Release|Any CPU
		{75DD6F4F-CDAC-4B42-B97B-7CD1E84F5419}.Release|Any CPU.ActiveCfg = Release|Any CPU
	EndGlobalSection
EndGlobal
