
Microsoft Visual Studio Solution File, Format Version 11.00
# Visual Studio 2010
# SharpDevelop 4.4
Project("{FD48973F-F585-4F70-812B-4D0503B36CE9}") = "Lang65h", "Lang65h\Lang65h.pyproj", "{DF92BDCC-D517-4608-BAD3-FEE1FD2260DF}"
EndProject
Global
	GlobalSection(SolutionConfigurationPlatforms) = preSolution
		Debug|Any CPU = Debug|Any CPU
		Release|Any CPU = Release|Any CPU
	EndGlobalSection
	GlobalSection(ProjectConfigurationPlatforms) = postSolution
		{DF92BDCC-D517-4608-BAD3-FEE1FD2260DF}.Debug|Any CPU.Build.0 = Debug|Any CPU
		{DF92BDCC-D517-4608-BAD3-FEE1FD2260DF}.Debug|Any CPU.ActiveCfg = Debug|Any CPU
		{DF92BDCC-D517-4608-BAD3-FEE1FD2260DF}.Release|Any CPU.Build.0 = Release|Any CPU
		{DF92BDCC-D517-4608-BAD3-FEE1FD2260DF}.Release|Any CPU.ActiveCfg = Release|Any CPU
	EndGlobalSection
EndGlobal
