
Microsoft Visual Studio Solution File, Format Version 11.00
# Visual Studio 2010
# SharpDevelop 4.4
Project("{FD48973F-F585-4F70-812B-4D0503B36CE9}") = "Pong3", "Pong3\Pong3.pyproj", "{C5E92BE6-DF0E-4067-826E-2C29BC4F3501}"
EndProject
Global
	GlobalSection(SolutionConfigurationPlatforms) = preSolution
		Debug|Any CPU = Debug|Any CPU
		Release|Any CPU = Release|Any CPU
	EndGlobalSection
	GlobalSection(ProjectConfigurationPlatforms) = postSolution
		{C5E92BE6-DF0E-4067-826E-2C29BC4F3501}.Debug|Any CPU.Build.0 = Debug|Any CPU
		{C5E92BE6-DF0E-4067-826E-2C29BC4F3501}.Debug|Any CPU.ActiveCfg = Debug|Any CPU
		{C5E92BE6-DF0E-4067-826E-2C29BC4F3501}.Release|Any CPU.Build.0 = Release|Any CPU
		{C5E92BE6-DF0E-4067-826E-2C29BC4F3501}.Release|Any CPU.ActiveCfg = Release|Any CPU
	EndGlobalSection
EndGlobal
