
Microsoft Visual Studio Solution File, Format Version 11.00
# Visual Studio 2010
# SharpDevelop 4.4
Project("{FD48973F-F585-4F70-812B-4D0503B36CE9}") = "Lang54c2", "Lang54c2\Lang54c2.pyproj", "{BDE2C1CA-E6D5-4F3F-8233-4A4BBC28934C}"
EndProject
Global
	GlobalSection(SolutionConfigurationPlatforms) = preSolution
		Debug|Any CPU = Debug|Any CPU
		Release|Any CPU = Release|Any CPU
	EndGlobalSection
	GlobalSection(ProjectConfigurationPlatforms) = postSolution
		{BDE2C1CA-E6D5-4F3F-8233-4A4BBC28934C}.Debug|Any CPU.Build.0 = Debug|Any CPU
		{BDE2C1CA-E6D5-4F3F-8233-4A4BBC28934C}.Debug|Any CPU.ActiveCfg = Debug|Any CPU
		{BDE2C1CA-E6D5-4F3F-8233-4A4BBC28934C}.Release|Any CPU.Build.0 = Release|Any CPU
		{BDE2C1CA-E6D5-4F3F-8233-4A4BBC28934C}.Release|Any CPU.ActiveCfg = Release|Any CPU
	EndGlobalSection
EndGlobal
