
Microsoft Visual Studio Solution File, Format Version 11.00
# Visual Studio 2010
# SharpDevelop 4.4
Project("{FD48973F-F585-4F70-812B-4D0503B36CE9}") = "Lang122c", "Lang122c\Lang122c.pyproj", "{22C6FC62-BE2E-4829-B3C2-EB8A27E51F99}"
EndProject
Global
	GlobalSection(SolutionConfigurationPlatforms) = preSolution
		Debug|Any CPU = Debug|Any CPU
		Release|Any CPU = Release|Any CPU
	EndGlobalSection
	GlobalSection(ProjectConfigurationPlatforms) = postSolution
		{22C6FC62-BE2E-4829-B3C2-EB8A27E51F99}.Debug|Any CPU.Build.0 = Debug|Any CPU
		{22C6FC62-BE2E-4829-B3C2-EB8A27E51F99}.Debug|Any CPU.ActiveCfg = Debug|Any CPU
		{22C6FC62-BE2E-4829-B3C2-EB8A27E51F99}.Release|Any CPU.Build.0 = Release|Any CPU
		{22C6FC62-BE2E-4829-B3C2-EB8A27E51F99}.Release|Any CPU.ActiveCfg = Release|Any CPU
	EndGlobalSection
EndGlobal
